
Microsoft Visual Studio Solution File, Format Version 12.00
Project("{FAE04EC0-301F-11D3-BF4B-00C04F79EFBC}") = "AuthenAzureADDemo", "AuthenAzureADDemo\AuthenAzureADDemo.csproj", "{4C35C056-DC5D-4F51-9BAC-BB7213360397}"
EndProject
Global
	GlobalSection(SolutionConfigurationPlatforms) = preSolution
		Debug|Any CPU = Debug|Any CPU
		Release|Any CPU = Release|Any CPU
	EndGlobalSection
	GlobalSection(ProjectConfigurationPlatforms) = postSolution
		{4C35C056-DC5D-4F51-9BAC-BB7213360397}.Debug|Any CPU.ActiveCfg = Debug|Any CPU
		{4C35C056-DC5D-4F51-9BAC-BB7213360397}.Debug|Any CPU.Build.0 = Debug|Any CPU
		{4C35C056-DC5D-4F51-9BAC-BB7213360397}.Release|Any CPU.ActiveCfg = Release|Any CPU
		{4C35C056-DC5D-4F51-9BAC-BB7213360397}.Release|Any CPU.Build.0 = Release|Any CPU
	EndGlobalSection
EndGlobal
